
Microsoft Visual Studio Solution File, Format Version 12.00
# Visual Studio Version 17
VisualStudioVersion = 17.4.33122.133
MinimumVisualStudioVersion = 10.0.40219.1
Project("{FAE04EC0-301F-11D3-BF4B-00C04F79EFBC}") = "Renamer", "Renamer\Renamer.csproj", "{2609C068-3DA7-4D4D-A2DD-FD5589A954A5}"
EndProject
Global
	GlobalSection(SolutionConfigurationPlatforms) = preSolution
		Debug|Any CPU = Debug|Any CPU
		Release|Any CPU = Release|Any CPU
	EndGlobalSection
	GlobalSection(ProjectConfigurationPlatforms) = postSolution
		{2609C068-3DA7-4D4D-A2DD-FD5589A954A5}.Debug|Any CPU.ActiveCfg = Debug|Any CPU
		{2609C068-3DA7-4D4D-A2DD-FD5589A954A5}.Debug|Any CPU.Build.0 = Debug|Any CPU
		{2609C068-3DA7-4D4D-A2DD-FD5589A954A5}.Release|Any CPU.ActiveCfg = Release|Any CPU
		{2609C068-3DA7-4D4D-A2DD-FD5589A954A5}.Release|Any CPU.Build.0 = Release|Any CPU
	EndGlobalSection
	GlobalSection(SolutionProperties) = preSolution
		HideSolutionNode = FALSE
	EndGlobalSection
	GlobalSection(ExtensibilityGlobals) = postSolution
		SolutionGuid = {4F554F2E-ED21-4C1C-A582-65CA1105FE8D}
	EndGlobalSection
EndGlobal
